
Microsoft Visual Studio Solution File, Format Version 12.00
# Visual Studio Version 16
VisualStudioVersion = 16.0.30804.86
MinimumVisualStudioVersion = 10.0.40219.1
Project("{9A19103F-16F7-4668-BE54-9A1E7A4F7556}") = "ShipsInSpace.Web", "ShipsInSpace.Web\ShipsInSpace.Web.csproj", "{4561CA70-00D5-4228-8A55-3F8FEFFE0524}"
EndProject
Project("{9A19103F-16F7-4668-BE54-9A1E7A4F7556}") = "GalacticSpaceTransitAuthority", "GalacticSpaceTransitAuthority\GalacticSpaceTransitAuthority.csproj", "{C9868B74-AED2-4D1F-9B7A-AB770B56249C}"
EndProject
Project("{9A19103F-16F7-4668-BE54-9A1E7A4F7556}") = "ShipsInSpace.Data", "ShipsInSpace.Data\ShipsInSpace.Data.csproj", "{BCC07F4F-A874-4E9C-BD85-A774CCE7DF85}"
EndProject
Global
	GlobalSection(SolutionConfigurationPlatforms) = preSolution
		Debug|Any CPU = Debug|Any CPU
		Release|Any CPU = Release|Any CPU
	EndGlobalSection
	GlobalSection(ProjectConfigurationPlatforms) = postSolution
		{4561CA70-00D5-4228-8A55-3F8FEFFE0524}.Debug|Any CPU.ActiveCfg = Debug|Any CPU
		{4561CA70-00D5-4228-8A55-3F8FEFFE0524}.Debug|Any CPU.Build.0 = Debug|Any CPU
		{4561CA70-00D5-4228-8A55-3F8FEFFE0524}.Release|Any CPU.ActiveCfg = Release|Any CPU
		{4561CA70-00D5-4228-8A55-3F8FEFFE0524}.Release|Any CPU.Build.0 = Release|Any CPU
		{C9868B74-AED2-4D1F-9B7A-AB770B56249C}.Debug|Any CPU.ActiveCfg = Debug|Any CPU
		{C9868B74-AED2-4D1F-9B7A-AB770B56249C}.Debug|Any CPU.Build.0 = Debug|Any CPU
		{C9868B74-AED2-4D1F-9B7A-AB770B56249C}.Release|Any CPU.ActiveCfg = Release|Any CPU
		{C9868B74-AED2-4D1F-9B7A-AB770B56249C}.Release|Any CPU.Build.0 = Release|Any CPU
		{BCC07F4F-A874-4E9C-BD85-A774CCE7DF85}.Debug|Any CPU.ActiveCfg = Debug|Any CPU
		{BCC07F4F-A874-4E9C-BD85-A774CCE7DF85}.Debug|Any CPU.Build.0 = Debug|Any CPU
		{BCC07F4F-A874-4E9C-BD85-A774CCE7DF85}.Release|Any CPU.ActiveCfg = Release|Any CPU
		{BCC07F4F-A874-4E9C-BD85-A774CCE7DF85}.Release|Any CPU.Build.0 = Release|Any CPU
	EndGlobalSection
	GlobalSection(SolutionProperties) = preSolution
		HideSolutionNode = FALSE
	EndGlobalSection
	GlobalSection(ExtensibilityGlobals) = postSolution
		SolutionGuid = {222363A8-C9A2-45CA-BAC4-F9A0A3039DBE}
	EndGlobalSection
EndGlobal
