
Microsoft Visual Studio Solution File, Format Version 12.00
Project("{FAE04EC0-301F-11D3-BF4B-00C04F79EFBC}") = "ShipsInSpace.Web", "ShipsInSpace.Web\ShipsInSpace.Web.csproj", "{4561CA70-00D5-4228-8A55-3F8FEFFE0524}"
EndProject
Project("{FAE04EC0-301F-11D3-BF4B-00C04F79EFBC}") = "GalacticSpaceTransitAuthority", "GalacticSpaceTransitAuthority\GalacticSpaceTransitAuthority.csproj", "{C9868B74-AED2-4D1F-9B7A-AB770B56249C}"
EndProject
Project("{FAE04EC0-301F-11D3-BF4B-00C04F79EFBC}") = "ShipsInSpace.Data", "ShipsInSpace.Data\ShipsInSpace.Data.csproj", "{BCC07F4F-A874-4E9C-BD85-A774CCE7DF85}"
EndProject
Project("{FAE04EC0-301F-11D3-BF4B-00C04F79EFBC}") = "ShipsInSpace.Logic", "ShipsInSpace.Logic\ShipsInSpace.Logic.csproj", "{796BC85B-2802-43BB-AE55-5C8AA66AA046}"
EndProject
Global
	GlobalSection(SolutionConfigurationPlatforms) = preSolution
		Debug|Any CPU = Debug|Any CPU
		Release|Any CPU = Release|Any CPU
	EndGlobalSection
	GlobalSection(ProjectConfigurationPlatforms) = postSolution
		{4561CA70-00D5-4228-8A55-3F8FEFFE0524}.Debug|Any CPU.ActiveCfg = Debug|Any CPU
		{4561CA70-00D5-4228-8A55-3F8FEFFE0524}.Debug|Any CPU.Build.0 = Debug|Any CPU
		{4561CA70-00D5-4228-8A55-3F8FEFFE0524}.Release|Any CPU.ActiveCfg = Release|Any CPU
		{4561CA70-00D5-4228-8A55-3F8FEFFE0524}.Release|Any CPU.Build.0 = Release|Any CPU
		{C9868B74-AED2-4D1F-9B7A-AB770B56249C}.Debug|Any CPU.ActiveCfg = Debug|Any CPU
		{C9868B74-AED2-4D1F-9B7A-AB770B56249C}.Debug|Any CPU.Build.0 = Debug|Any CPU
		{C9868B74-AED2-4D1F-9B7A-AB770B56249C}.Release|Any CPU.ActiveCfg = Release|Any CPU
		{C9868B74-AED2-4D1F-9B7A-AB770B56249C}.Release|Any CPU.Build.0 = Release|Any CPU
		{BCC07F4F-A874-4E9C-BD85-A774CCE7DF85}.Debug|Any CPU.ActiveCfg = Debug|Any CPU
		{BCC07F4F-A874-4E9C-BD85-A774CCE7DF85}.Debug|Any CPU.Build.0 = Debug|Any CPU
		{BCC07F4F-A874-4E9C-BD85-A774CCE7DF85}.Release|Any CPU.ActiveCfg = Release|Any CPU
		{BCC07F4F-A874-4E9C-BD85-A774CCE7DF85}.Release|Any CPU.Build.0 = Release|Any CPU
		{796BC85B-2802-43BB-AE55-5C8AA66AA046}.Debug|Any CPU.ActiveCfg = Debug|Any CPU
		{796BC85B-2802-43BB-AE55-5C8AA66AA046}.Debug|Any CPU.Build.0 = Debug|Any CPU
		{796BC85B-2802-43BB-AE55-5C8AA66AA046}.Release|Any CPU.ActiveCfg = Release|Any CPU
		{796BC85B-2802-43BB-AE55-5C8AA66AA046}.Release|Any CPU.Build.0 = Release|Any CPU
	EndGlobalSection
EndGlobal
